GEM
  remote: https://rubygems.org/
  specs:
    ffi (1.17.2-x86_64-linux-gnu)
    ffi (1.17.2-arm64-darwin)

PLATFORMS
  ruby

DEPENDENCIES
  ffi

CHECKSUMS
  ffi (1.17.2-x86_64-linux-gnu) sha256=05d2026fc9dbb7cfd21a5934559f16293815b7ce0314846fee2ac8efbdb823ea
  ffi (1.17.2-arm64-darwin) sha256=54dd9789be1d30157782b8de42d8f887a3c3c345293b57ffb6b45b4d1165f813

BUNDLED WITH
   2.7.2

