GIT
  remote: https://github.com/dsander/dropbox-api.git
  revision: 86cb7b5a1254dc5b054de7263835713c4c1018c7
  ref: 86cb7b5a1254dc5b054de7263835713c4c1018c7
  specs:
    dropbox-api (0.5.0)
      multi_json

GEM
  remote: https://rubygems.org/
  specs:
    multi_json (1.15.0)

PLATFORMS
  ruby

DEPENDENCIES
  dropbox-api!

BUNDLED WITH
   2.4.22
